
Microsoft Visual Studio Solution File, Format Version 12.00
# Visual Studio 14
VisualStudioVersion = 14.0.25420.1
MinimumVisualStudioVersion = 10.0.40219.1
Project("{F184B08F-C81C-45F6-A57F-5ABD9991F28F}") = "OperationsAPI", "WebApp\OperationsAPI\OperationsAPI.vbproj", "{27F1D817-0C9A-4083-A632-049E1D0070DE}"
EndProject
Project("{F184B08F-C81C-45F6-A57F-5ABD9991F28F}") = "DataTier.Core", "Interfaces\DataTier.Core\DataTier.Core.vbproj", "{672A5B5A-0B59-47CE-BA3C-B4D350D99FD5}"
EndProject
Project("{F184B08F-C81C-45F6-A57F-5ABD9991F28F}") = "DataTier.Utilities", "Interfaces\DataTier.Utilities\DataTier.Utilities.vbproj", "{85EFB4BA-C5F1-454B-8129-4B04512F5753}"
EndProject
Project("{F184B08F-C81C-45F6-A57F-5ABD9991F28F}") = "DataTier.Core.Models", "Interfaces\DataTier.Core.Models\DataTier.Core.Models.vbproj", "{6529B79A-5A30-40B2-8C59-05599D4E17F2}"
EndProject
Project("{2150E333-8FDC-42A3-9474-1A3956D46DE8}") = "Tests", "Tests", "{70E8FC22-E36E-475F-9295-99FA14ACE2F1}"
EndProject
Project("{F184B08F-C81C-45F6-A57F-5ABD9991F28F}") = "DataTier.Core.Test", "Tests\DataTier.Core.Test\DataTier.Core.Test.vbproj", "{EE73A561-2E84-4D7D-8A19-659CB5F219DE}"
EndProject
Project("{F184B08F-C81C-45F6-A57F-5ABD9991F28F}") = "Core.Framework", "Core\Core.Framework\Core.Framework.vbproj", "{90FBCF4B-681C-4B01-8D78-FABE7BBB04E0}"
EndProject
Project("{F184B08F-C81C-45F6-A57F-5ABD9991F28F}") = "Core.Utilities", "Core\Core.Utilities\Core.Utilities.vbproj", "{B37692E3-910A-4DEE-A1E4-D87AC24BC4EB}"
EndProject
Project("{F184B08F-C81C-45F6-A57F-5ABD9991F28F}") = "Core.User", "Core\Core.User\Core.User.vbproj", "{2E861851-89C0-420C-88CD-BF91F6E51B4D}"
EndProject
Project("{F184B08F-C81C-45F6-A57F-5ABD9991F28F}") = "Interface.UserManagement", "Interfaces\Interface.UserManagement\Interface.UserManagement.vbproj", "{A37BF7A0-6B5E-451E-843F-A87B74A7F264}"
EndProject
Project("{F184B08F-C81C-45F6-A57F-5ABD9991F28F}") = "Core.Form", "Core\Core.Form\Core.Form.vbproj", "{E0824BC0-9245-4273-BBBE-CA435F79817F}"
EndProject
Project("{F184B08F-C81C-45F6-A57F-5ABD9991F28F}") = "Core.Form.Test", "Tests\Core.Form.Test\Core.Form.Test.vbproj", "{4AD7C6D9-BA8D-4F62-B743-89A852438D00}"
EndProject
Project("{F184B08F-C81C-45F6-A57F-5ABD9991F28F}") = "Core.Log", "Core\Core.Logging\Core.Log.vbproj", "{8C9B4A10-F563-4491-AF9D-259E6A4F4F6F}"
EndProject
Project("{F184B08F-C81C-45F6-A57F-5ABD9991F28F}") = "Core.Event", "Core\Core.Event\Core.Event.vbproj", "{54ABB947-D5F2-4B81-AE14-D132FF07E3CE}"
EndProject
Project("{F184B08F-C81C-45F6-A57F-5ABD9991F28F}") = "Core.Task", "Core\Core.Task\Core.Task.vbproj", "{1C826A9D-914F-4C67-A4C9-0FBF59AB1F07}"
EndProject
Project("{F184B08F-C81C-45F6-A57F-5ABD9991F28F}") = "Core.Organization", "Core\Core.Organization\Core.Organization.vbproj", "{2C76AE95-49B3-40FF-A308-6A9C24C625D7}"
EndProject
Project("{F184B08F-C81C-45F6-A57F-5ABD9991F28F}") = "DataTier.Client", "Interfaces\DataTier.Client\DataTier.Client.vbproj", "{8CA660F7-9272-450D-AC10-161EF32A7124}"
EndProject
Project("{F184B08F-C81C-45F6-A57F-5ABD9991F28F}") = "DataTier.Client.Models", "Interfaces\DataTier.Client.Models\DataTier.Client.Models.vbproj", "{9406477B-2E80-4DA9-8248-ABFD3A57A497}"
EndProject
Project("{F184B08F-C81C-45F6-A57F-5ABD9991F28F}") = "DataTier.Client.Test", "Tests\DataTier.Client.Test\DataTier.Client.Test.vbproj", "{C741363F-19F9-416C-91A2-4A688E90AF2C}"
EndProject
Project("{F184B08F-C81C-45F6-A57F-5ABD9991F28F}") = "API", "WebApp\API\API.vbproj", "{93BC2F78-3107-4FB5-9F31-8A1252FECA6E}"
EndProject
Project("{F184B08F-C81C-45F6-A57F-5ABD9991F28F}") = "Client.Framework", "Client\Client.Framework\Client.Framework.vbproj", "{6F59B77C-FC0A-43A5-85B1-DFD12711BB70}"
EndProject
Project("{F184B08F-C81C-45F6-A57F-5ABD9991F28F}") = "Client.User", "Client\Client.User\Client.User.vbproj", "{9A5B8372-0F79-46AE-8701-06FFB944FCE7}"
EndProject
Project("{F184B08F-C81C-45F6-A57F-5ABD9991F28F}") = "Core.Utilities.Framework", "Core\Core.Utilities.Framework\Core.Utilities.Framework.vbproj", "{C19A5AE6-3454-499A-A73B-4EBDCB5C7989}"
EndProject
Project("{F184B08F-C81C-45F6-A57F-5ABD9991F28F}") = "Client.Form", "Client\Client.Form\Client.Form.vbproj", "{A1A72DF2-14A5-464E-98AF-6E0F76F7D658}"
EndProject
Project("{2150E333-8FDC-42A3-9474-1A3956D46DE8}") = "Web", "Web", "{6ABDEB65-9A47-408A-984A-E13920CB0675}"
EndProject
Project("{2150E333-8FDC-42A3-9474-1A3956D46DE8}") = "DataTier", "DataTier", "{66747369-371C-43C7-8B22-81A66CF73D6B}"
EndProject
Project("{2150E333-8FDC-42A3-9474-1A3956D46DE8}") = "Core", "Core", "{3BF31310-EDDD-4AC2-B3FF-16A3419D5987}"
EndProject
Project("{2150E333-8FDC-42A3-9474-1A3956D46DE8}") = "Client", "Client", "{A1F8EA3B-F502-4726-AAFF-AF58AB93CD60}"
EndProject
Global
	GlobalSection(SolutionConfigurationPlatforms) = preSolution
		Debug|Any CPU = Debug|Any CPU
		Release|Any CPU = Release|Any CPU
	EndGlobalSection
	GlobalSection(ProjectConfigurationPlatforms) = postSolution
		{27F1D817-0C9A-4083-A632-049E1D0070DE}.Debug|Any CPU.ActiveCfg = Debug|Any CPU
		{27F1D817-0C9A-4083-A632-049E1D0070DE}.Debug|Any CPU.Build.0 = Debug|Any CPU
		{27F1D817-0C9A-4083-A632-049E1D0070DE}.Release|Any CPU.ActiveCfg = Release|Any CPU
		{27F1D817-0C9A-4083-A632-049E1D0070DE}.Release|Any CPU.Build.0 = Release|Any CPU
		{672A5B5A-0B59-47CE-BA3C-B4D350D99FD5}.Debug|Any CPU.ActiveCfg = Debug|Any CPU
		{672A5B5A-0B59-47CE-BA3C-B4D350D99FD5}.Debug|Any CPU.Build.0 = Debug|Any CPU
		{672A5B5A-0B59-47CE-BA3C-B4D350D99FD5}.Release|Any CPU.ActiveCfg = Release|Any CPU
		{672A5B5A-0B59-47CE-BA3C-B4D350D99FD5}.Release|Any CPU.Build.0 = Release|Any CPU
		{85EFB4BA-C5F1-454B-8129-4B04512F5753}.Debug|Any CPU.ActiveCfg = Debug|Any CPU
		{85EFB4BA-C5F1-454B-8129-4B04512F5753}.Debug|Any CPU.Build.0 = Debug|Any CPU
		{85EFB4BA-C5F1-454B-8129-4B04512F5753}.Release|Any CPU.ActiveCfg = Release|Any CPU
		{85EFB4BA-C5F1-454B-8129-4B04512F5753}.Release|Any CPU.Build.0 = Release|Any CPU
		{6529B79A-5A30-40B2-8C59-05599D4E17F2}.Debug|Any CPU.ActiveCfg = Debug|Any CPU
		{6529B79A-5A30-40B2-8C59-05599D4E17F2}.Debug|Any CPU.Build.0 = Debug|Any CPU
		{6529B79A-5A30-40B2-8C59-05599D4E17F2}.Release|Any CPU.ActiveCfg = Release|Any CPU
		{6529B79A-5A30-40B2-8C59-05599D4E17F2}.Release|Any CPU.Build.0 = Release|Any CPU
		{EE73A561-2E84-4D7D-8A19-659CB5F219DE}.Debug|Any CPU.ActiveCfg = Debug|Any CPU
		{EE73A561-2E84-4D7D-8A19-659CB5F219DE}.Debug|Any CPU.Build.0 = Debug|Any CPU
		{EE73A561-2E84-4D7D-8A19-659CB5F219DE}.Release|Any CPU.ActiveCfg = Release|Any CPU
		{EE73A561-2E84-4D7D-8A19-659CB5F219DE}.Release|Any CPU.Build.0 = Release|Any CPU
		{90FBCF4B-681C-4B01-8D78-FABE7BBB04E0}.Debug|Any CPU.ActiveCfg = Debug|Any CPU
		{90FBCF4B-681C-4B01-8D78-FABE7BBB04E0}.Debug|Any CPU.Build.0 = Debug|Any CPU
		{90FBCF4B-681C-4B01-8D78-FABE7BBB04E0}.Release|Any CPU.ActiveCfg = Release|Any CPU
		{90FBCF4B-681C-4B01-8D78-FABE7BBB04E0}.Release|Any CPU.Build.0 = Release|Any CPU
		{B37692E3-910A-4DEE-A1E4-D87AC24BC4EB}.Debug|Any CPU.ActiveCfg = Debug|Any CPU
		{B37692E3-910A-4DEE-A1E4-D87AC24BC4EB}.Debug|Any CPU.Build.0 = Debug|Any CPU
		{B37692E3-910A-4DEE-A1E4-D87AC24BC4EB}.Release|Any CPU.ActiveCfg = Release|Any CPU
		{B37692E3-910A-4DEE-A1E4-D87AC24BC4EB}.Release|Any CPU.Build.0 = Release|Any CPU
		{2E861851-89C0-420C-88CD-BF91F6E51B4D}.Debug|Any CPU.ActiveCfg = Debug|Any CPU
		{2E861851-89C0-420C-88CD-BF91F6E51B4D}.Debug|Any CPU.Build.0 = Debug|Any CPU
		{2E861851-89C0-420C-88CD-BF91F6E51B4D}.Release|Any CPU.ActiveCfg = Release|Any CPU
		{2E861851-89C0-420C-88CD-BF91F6E51B4D}.Release|Any CPU.Build.0 = Release|Any CPU
		{A37BF7A0-6B5E-451E-843F-A87B74A7F264}.Debug|Any CPU.ActiveCfg = Debug|Any CPU
		{A37BF7A0-6B5E-451E-843F-A87B74A7F264}.Debug|Any CPU.Build.0 = Debug|Any CPU
		{A37BF7A0-6B5E-451E-843F-A87B74A7F264}.Release|Any CPU.ActiveCfg = Release|Any CPU
		{A37BF7A0-6B5E-451E-843F-A87B74A7F264}.Release|Any CPU.Build.0 = Release|Any CPU
		{E0824BC0-9245-4273-BBBE-CA435F79817F}.Debug|Any CPU.ActiveCfg = Debug|Any CPU
		{E0824BC0-9245-4273-BBBE-CA435F79817F}.Debug|Any CPU.Build.0 = Debug|Any CPU
		{E0824BC0-9245-4273-BBBE-CA435F79817F}.Release|Any CPU.ActiveCfg = Release|Any CPU
		{E0824BC0-9245-4273-BBBE-CA435F79817F}.Release|Any CPU.Build.0 = Release|Any CPU
		{4AD7C6D9-BA8D-4F62-B743-89A852438D00}.Debug|Any CPU.ActiveCfg = Debug|Any CPU
		{4AD7C6D9-BA8D-4F62-B743-89A852438D00}.Debug|Any CPU.Build.0 = Debug|Any CPU
		{4AD7C6D9-BA8D-4F62-B743-89A852438D00}.Release|Any CPU.ActiveCfg = Release|Any CPU
		{4AD7C6D9-BA8D-4F62-B743-89A852438D00}.Release|Any CPU.Build.0 = Release|Any CPU
		{8C9B4A10-F563-4491-AF9D-259E6A4F4F6F}.Debug|Any CPU.ActiveCfg = Debug|Any CPU
		{8C9B4A10-F563-4491-AF9D-259E6A4F4F6F}.Debug|Any CPU.Build.0 = Debug|Any CPU
		{8C9B4A10-F563-4491-AF9D-259E6A4F4F6F}.Release|Any CPU.ActiveCfg = Release|Any CPU
		{8C9B4A10-F563-4491-AF9D-259E6A4F4F6F}.Release|Any CPU.Build.0 = Release|Any CPU
		{54ABB947-D5F2-4B81-AE14-D132FF07E3CE}.Debug|Any CPU.ActiveCfg = Debug|Any CPU
		{54ABB947-D5F2-4B81-AE14-D132FF07E3CE}.Debug|Any CPU.Build.0 = Debug|Any CPU
		{54ABB947-D5F2-4B81-AE14-D132FF07E3CE}.Release|Any CPU.ActiveCfg = Release|Any CPU
		{54ABB947-D5F2-4B81-AE14-D132FF07E3CE}.Release|Any CPU.Build.0 = Release|Any CPU
		{1C826A9D-914F-4C67-A4C9-0FBF59AB1F07}.Debug|Any CPU.ActiveCfg = Debug|Any CPU
		{1C826A9D-914F-4C67-A4C9-0FBF59AB1F07}.Debug|Any CPU.Build.0 = Debug|Any CPU
		{1C826A9D-914F-4C67-A4C9-0FBF59AB1F07}.Release|Any CPU.ActiveCfg = Release|Any CPU
		{1C826A9D-914F-4C67-A4C9-0FBF59AB1F07}.Release|Any CPU.Build.0 = Release|Any CPU
		{2C76AE95-49B3-40FF-A308-6A9C24C625D7}.Debug|Any CPU.ActiveCfg = Debug|Any CPU
		{2C76AE95-49B3-40FF-A308-6A9C24C625D7}.Debug|Any CPU.Build.0 = Debug|Any CPU
		{2C76AE95-49B3-40FF-A308-6A9C24C625D7}.Release|Any CPU.ActiveCfg = Release|Any CPU
		{2C76AE95-49B3-40FF-A308-6A9C24C625D7}.Release|Any CPU.Build.0 = Release|Any CPU
		{8CA660F7-9272-450D-AC10-161EF32A7124}.Debug|Any CPU.ActiveCfg = Debug|Any CPU
		{8CA660F7-9272-450D-AC10-161EF32A7124}.Debug|Any CPU.Build.0 = Debug|Any CPU
		{8CA660F7-9272-450D-AC10-161EF32A7124}.Release|Any CPU.ActiveCfg = Release|Any CPU
		{8CA660F7-9272-450D-AC10-161EF32A7124}.Release|Any CPU.Build.0 = Release|Any CPU
		{9406477B-2E80-4DA9-8248-ABFD3A57A497}.Debug|Any CPU.ActiveCfg = Debug|Any CPU
		{9406477B-2E80-4DA9-8248-ABFD3A57A497}.Debug|Any CPU.Build.0 = Debug|Any CPU
		{9406477B-2E80-4DA9-8248-ABFD3A57A497}.Release|Any CPU.ActiveCfg = Release|Any CPU
		{9406477B-2E80-4DA9-8248-ABFD3A57A497}.Release|Any CPU.Build.0 = Release|Any CPU
		{C741363F-19F9-416C-91A2-4A688E90AF2C}.Debug|Any CPU.ActiveCfg = Debug|Any CPU
		{C741363F-19F9-416C-91A2-4A688E90AF2C}.Debug|Any CPU.Build.0 = Debug|Any CPU
		{C741363F-19F9-416C-91A2-4A688E90AF2C}.Release|Any CPU.ActiveCfg = Release|Any CPU
		{C741363F-19F9-416C-91A2-4A688E90AF2C}.Release|Any CPU.Build.0 = Release|Any CPU
		{93BC2F78-3107-4FB5-9F31-8A1252FECA6E}.Debug|Any CPU.ActiveCfg = Debug|Any CPU
		{93BC2F78-3107-4FB5-9F31-8A1252FECA6E}.Debug|Any CPU.Build.0 = Debug|Any CPU
		{93BC2F78-3107-4FB5-9F31-8A1252FECA6E}.Release|Any CPU.ActiveCfg = Release|Any CPU
		{93BC2F78-3107-4FB5-9F31-8A1252FECA6E}.Release|Any CPU.Build.0 = Release|Any CPU
		{6F59B77C-FC0A-43A5-85B1-DFD12711BB70}.Debug|Any CPU.ActiveCfg = Debug|Any CPU
		{6F59B77C-FC0A-43A5-85B1-DFD12711BB70}.Debug|Any CPU.Build.0 = Debug|Any CPU
		{6F59B77C-FC0A-43A5-85B1-DFD12711BB70}.Release|Any CPU.ActiveCfg = Release|Any CPU
		{6F59B77C-FC0A-43A5-85B1-DFD12711BB70}.Release|Any CPU.Build.0 = Release|Any CPU
		{9A5B8372-0F79-46AE-8701-06FFB944FCE7}.Debug|Any CPU.ActiveCfg = Debug|Any CPU
		{9A5B8372-0F79-46AE-8701-06FFB944FCE7}.Debug|Any CPU.Build.0 = Debug|Any CPU
		{9A5B8372-0F79-46AE-8701-06FFB944FCE7}.Release|Any CPU.ActiveCfg = Release|Any CPU
		{9A5B8372-0F79-46AE-8701-06FFB944FCE7}.Release|Any CPU.Build.0 = Release|Any CPU
		{C19A5AE6-3454-499A-A73B-4EBDCB5C7989}.Debug|Any CPU.ActiveCfg = Debug|Any CPU
		{C19A5AE6-3454-499A-A73B-4EBDCB5C7989}.Debug|Any CPU.Build.0 = Debug|Any CPU
		{C19A5AE6-3454-499A-A73B-4EBDCB5C7989}.Release|Any CPU.ActiveCfg = Release|Any CPU
		{C19A5AE6-3454-499A-A73B-4EBDCB5C7989}.Release|Any CPU.Build.0 = Release|Any CPU
		{A1A72DF2-14A5-464E-98AF-6E0F76F7D658}.Debug|Any CPU.ActiveCfg = Debug|Any CPU
		{A1A72DF2-14A5-464E-98AF-6E0F76F7D658}.Debug|Any CPU.Build.0 = Debug|Any CPU
		{A1A72DF2-14A5-464E-98AF-6E0F76F7D658}.Release|Any CPU.ActiveCfg = Release|Any CPU
		{A1A72DF2-14A5-464E-98AF-6E0F76F7D658}.Release|Any CPU.Build.0 = Release|Any CPU
	EndGlobalSection
	GlobalSection(SolutionProperties) = preSolution
		HideSolutionNode = FALSE
	EndGlobalSection
	GlobalSection(NestedProjects) = preSolution
		{27F1D817-0C9A-4083-A632-049E1D0070DE} = {6ABDEB65-9A47-408A-984A-E13920CB0675}
		{672A5B5A-0B59-47CE-BA3C-B4D350D99FD5} = {66747369-371C-43C7-8B22-81A66CF73D6B}
		{85EFB4BA-C5F1-454B-8129-4B04512F5753} = {66747369-371C-43C7-8B22-81A66CF73D6B}
		{6529B79A-5A30-40B2-8C59-05599D4E17F2} = {66747369-371C-43C7-8B22-81A66CF73D6B}
		{EE73A561-2E84-4D7D-8A19-659CB5F219DE} = {70E8FC22-E36E-475F-9295-99FA14ACE2F1}
		{90FBCF4B-681C-4B01-8D78-FABE7BBB04E0} = {3BF31310-EDDD-4AC2-B3FF-16A3419D5987}
		{B37692E3-910A-4DEE-A1E4-D87AC24BC4EB} = {3BF31310-EDDD-4AC2-B3FF-16A3419D5987}
		{2E861851-89C0-420C-88CD-BF91F6E51B4D} = {3BF31310-EDDD-4AC2-B3FF-16A3419D5987}
		{E0824BC0-9245-4273-BBBE-CA435F79817F} = {3BF31310-EDDD-4AC2-B3FF-16A3419D5987}
		{4AD7C6D9-BA8D-4F62-B743-89A852438D00} = {70E8FC22-E36E-475F-9295-99FA14ACE2F1}
		{8C9B4A10-F563-4491-AF9D-259E6A4F4F6F} = {3BF31310-EDDD-4AC2-B3FF-16A3419D5987}
		{54ABB947-D5F2-4B81-AE14-D132FF07E3CE} = {3BF31310-EDDD-4AC2-B3FF-16A3419D5987}
		{1C826A9D-914F-4C67-A4C9-0FBF59AB1F07} = {3BF31310-EDDD-4AC2-B3FF-16A3419D5987}
		{2C76AE95-49B3-40FF-A308-6A9C24C625D7} = {3BF31310-EDDD-4AC2-B3FF-16A3419D5987}
		{8CA660F7-9272-450D-AC10-161EF32A7124} = {66747369-371C-43C7-8B22-81A66CF73D6B}
		{9406477B-2E80-4DA9-8248-ABFD3A57A497} = {66747369-371C-43C7-8B22-81A66CF73D6B}
		{C741363F-19F9-416C-91A2-4A688E90AF2C} = {70E8FC22-E36E-475F-9295-99FA14ACE2F1}
		{93BC2F78-3107-4FB5-9F31-8A1252FECA6E} = {6ABDEB65-9A47-408A-984A-E13920CB0675}
		{6F59B77C-FC0A-43A5-85B1-DFD12711BB70} = {A1F8EA3B-F502-4726-AAFF-AF58AB93CD60}
		{9A5B8372-0F79-46AE-8701-06FFB944FCE7} = {A1F8EA3B-F502-4726-AAFF-AF58AB93CD60}
		{C19A5AE6-3454-499A-A73B-4EBDCB5C7989} = {3BF31310-EDDD-4AC2-B3FF-16A3419D5987}
		{A1A72DF2-14A5-464E-98AF-6E0F76F7D658} = {A1F8EA3B-F502-4726-AAFF-AF58AB93CD60}
	EndGlobalSection
EndGlobal
